{
  "name": "api",
  "version": "1.0.0",
  "lockfileVersion": 2,
  "requires": true,
  "packages": {
    "": {
      "name": "api",
      "version": "1.0.0",
      "dependencies": {
        "ufo": "^1.0.1"
      },
      "devDependencies": {}
    },
    "node_modules/ufo": {
      "version": "1.0.1",
      "resolved": "https://registry.npmjs.org/ufo/-/ufo-1.0.1.tgz",
      "integrity": "sha512-boAm74ubXHY7KJQZLlXrtMz52qFvpsbOxDcZOnw/Wf+LS4Mmyu7JxmzD4tDLtUQtmZECypJ0FrCz4QIe6dvKRA=="
    }
  },
  "dependencies": {
    "ufo": {
      "version": "1.0.1",
      "resolved": "https://registry.npmjs.org/ufo/-/ufo-1.0.1.tgz",
      "integrity": "sha512-boAm74ubXHY7KJQZLlXrtMz52qFvpsbOxDcZOnw/Wf+LS4Mmyu7JxmzD4tDLtUQtmZECypJ0FrCz4QIe6dvKRA=="
    }
  }
}
